
Microsoft Visual Studio Solution File, Format Version 12.00
# Visual Studio Version 17
VisualStudioVersion = 17.8.34511.84
MinimumVisualStudioVersion = 10.0.40219.1
Project("{FAE04EC0-301F-11D3-BF4B-00C04F79EFBC}") = "Business", "Business\Business.csproj", "{1DE17801-7E2A-4707-9277-B1CCD7CA05FC}"
EndProject
Project("{FAE04EC0-301F-11D3-BF4B-00C04F79EFBC}") = "Core", "Core\Core.csproj", "{0DE92CEF-C6C5-4C83-B0A1-41E7FB2AE97E}"
EndProject
Project("{FAE04EC0-301F-11D3-BF4B-00C04F79EFBC}") = "DataAccess", "DataAccess\DataAccess.csproj", "{4E5DC289-6725-47C8-8934-A176009FC7F6}"
EndProject
Project("{FAE04EC0-301F-11D3-BF4B-00C04F79EFBC}") = "Entities", "Entities\Entities.csproj", "{374911B6-62EC-4404-9AB5-4E7A5E682237}"
EndProject
Project("{FAE04EC0-301F-11D3-BF4B-00C04F79EFBC}") = "WebApi", "WebApi\WebApi.csproj", "{454195C9-9DC9-4CA1-AE9A-2412C32CB676}"
EndProject
Global
	GlobalSection(SolutionConfigurationPlatforms) = preSolution
		Debug|Any CPU = Debug|Any CPU
		Release|Any CPU = Release|Any CPU
	EndGlobalSection
	GlobalSection(ProjectConfigurationPlatforms) = postSolution
		{1DE17801-7E2A-4707-9277-B1CCD7CA05FC}.Debug|Any CPU.ActiveCfg = Debug|Any CPU
		{1DE17801-7E2A-4707-9277-B1CCD7CA05FC}.Debug|Any CPU.Build.0 = Debug|Any CPU
		{1DE17801-7E2A-4707-9277-B1CCD7CA05FC}.Release|Any CPU.ActiveCfg = Release|Any CPU
		{1DE17801-7E2A-4707-9277-B1CCD7CA05FC}.Release|Any CPU.Build.0 = Release|Any CPU
		{0DE92CEF-C6C5-4C83-B0A1-41E7FB2AE97E}.Debug|Any CPU.ActiveCfg = Debug|Any CPU
		{0DE92CEF-C6C5-4C83-B0A1-41E7FB2AE97E}.Debug|Any CPU.Build.0 = Debug|Any CPU
		{0DE92CEF-C6C5-4C83-B0A1-41E7FB2AE97E}.Release|Any CPU.ActiveCfg = Release|Any CPU
		{0DE92CEF-C6C5-4C83-B0A1-41E7FB2AE97E}.Release|Any CPU.Build.0 = Release|Any CPU
		{4E5DC289-6725-47C8-8934-A176009FC7F6}.Debug|Any CPU.ActiveCfg = Debug|Any CPU
		{4E5DC289-6725-47C8-8934-A176009FC7F6}.Debug|Any CPU.Build.0 = Debug|Any CPU
		{4E5DC289-6725-47C8-8934-A176009FC7F6}.Release|Any CPU.ActiveCfg = Release|Any CPU
		{4E5DC289-6725-47C8-8934-A176009FC7F6}.Release|Any CPU.Build.0 = Release|Any CPU
		{374911B6-62EC-4404-9AB5-4E7A5E682237}.Debug|Any CPU.ActiveCfg = Debug|Any CPU
		{374911B6-62EC-4404-9AB5-4E7A5E682237}.Debug|Any CPU.Build.0 = Debug|Any CPU
		{374911B6-62EC-4404-9AB5-4E7A5E682237}.Release|Any CPU.ActiveCfg = Release|Any CPU
		{374911B6-62EC-4404-9AB5-4E7A5E682237}.Release|Any CPU.Build.0 = Release|Any CPU
		{454195C9-9DC9-4CA1-AE9A-2412C32CB676}.Debug|Any CPU.ActiveCfg = Debug|Any CPU
		{454195C9-9DC9-4CA1-AE9A-2412C32CB676}.Debug|Any CPU.Build.0 = Debug|Any CPU
		{454195C9-9DC9-4CA1-AE9A-2412C32CB676}.Release|Any CPU.ActiveCfg = Release|Any CPU
		{454195C9-9DC9-4CA1-AE9A-2412C32CB676}.Release|Any CPU.Build.0 = Release|Any CPU
	EndGlobalSection
	GlobalSection(SolutionProperties) = preSolution
		HideSolutionNode = FALSE
	EndGlobalSection
	GlobalSection(ExtensibilityGlobals) = postSolution
		SolutionGuid = {1B6BF556-2C80-42BA-85D8-E62F437CC7B5}
	EndGlobalSection
EndGlobal
